
Microsoft Visual Studio Solution File, Format Version 12.00
# Visual Studio Version 17
VisualStudioVersion = 17.9.34902.65
MinimumVisualStudioVersion = 10.0.40219.1
Project("{9A19103F-16F7-4668-BE54-9A1E7A4F7556}") = "NBA.Web", "ASP-NET-NBA\NBA.Web.csproj", "{3DAE27C5-5499-4D8F-94D6-E4C8CF62C9BB}"
EndProject
Project("{9A19103F-16F7-4668-BE54-9A1E7A4F7556}") = "NBA.Model", "NBA.Model\NBA.Model.csproj", "{412A1F47-4D31-4E8C-B403-905F78469B1B}"
EndProject
Project("{FAE04EC0-301F-11D3-BF4B-00C04F79EFBC}") = "NBA.DAL", "NBA.DAL\NBA.DAL.csproj", "{3FE8FD32-FC37-42D9-B89C-22AA05C69089}"
EndProject
Global
	GlobalSection(SolutionConfigurationPlatforms) = preSolution
		Debug|Any CPU = Debug|Any CPU
		Release|Any CPU = Release|Any CPU
	EndGlobalSection
	GlobalSection(ProjectConfigurationPlatforms) = postSolution
		{3DAE27C5-5499-4D8F-94D6-E4C8CF62C9BB}.Debug|Any CPU.ActiveCfg = Debug|Any CPU
		{3DAE27C5-5499-4D8F-94D6-E4C8CF62C9BB}.Debug|Any CPU.Build.0 = Debug|Any CPU
		{3DAE27C5-5499-4D8F-94D6-E4C8CF62C9BB}.Release|Any CPU.ActiveCfg = Release|Any CPU
		{3DAE27C5-5499-4D8F-94D6-E4C8CF62C9BB}.Release|Any CPU.Build.0 = Release|Any CPU
		{412A1F47-4D31-4E8C-B403-905F78469B1B}.Debug|Any CPU.ActiveCfg = Debug|Any CPU
		{412A1F47-4D31-4E8C-B403-905F78469B1B}.Debug|Any CPU.Build.0 = Debug|Any CPU
		{412A1F47-4D31-4E8C-B403-905F78469B1B}.Release|Any CPU.ActiveCfg = Release|Any CPU
		{412A1F47-4D31-4E8C-B403-905F78469B1B}.Release|Any CPU.Build.0 = Release|Any CPU
		{3FE8FD32-FC37-42D9-B89C-22AA05C69089}.Debug|Any CPU.ActiveCfg = Debug|Any CPU
		{3FE8FD32-FC37-42D9-B89C-22AA05C69089}.Debug|Any CPU.Build.0 = Debug|Any CPU
		{3FE8FD32-FC37-42D9-B89C-22AA05C69089}.Release|Any CPU.ActiveCfg = Release|Any CPU
		{3FE8FD32-FC37-42D9-B89C-22AA05C69089}.Release|Any CPU.Build.0 = Release|Any CPU
	EndGlobalSection
	GlobalSection(SolutionProperties) = preSolution
		HideSolutionNode = FALSE
	EndGlobalSection
	GlobalSection(ExtensibilityGlobals) = postSolution
		SolutionGuid = {074BF587-4E28-4ADA-BEA5-5EB31CDC5DA4}
	EndGlobalSection
EndGlobal
